PODS:
  - Flutter (1.0.0)
  - naver_map_plugin (0.9.4):
    - Flutter
    - NMapsMap
  - NMapsGeometry (1.0.2)
  - NMapsMap (3.20.0):
    - NMapsGeometry
  - permission_handler_apple (9.3.0):
    - Flutter
  - shared_preferences_foundation (0.0.1):
    - Flutter
    - FlutterMacOS

DEPENDENCIES:
  - Flutter (from `Flutter`)
  - naver_map_plugin (from `.symlinks/plugins/naver_map_plugin/ios`)
  - permission_handler_apple (from `.symlinks/plugins/permission_handler_apple/ios`)
  - shared_preferences_foundation (from `.symlinks/plugins/shared_preferences_foundation/darwin`)

SPEC REPOS:
  trunk:
    - NMapsGeometry
    - NMapsMap

EXTERNAL SOURCES:
  Flutter:
    :path: Flutter
  naver_map_plugin:
    :path: ".symlinks/plugins/naver_map_plugin/ios"
  permission_handler_apple:
    :path: ".symlinks/plugins/permission_handler_apple/ios"
  shared_preferences_foundation:
    :path: ".symlinks/plugins/shared_preferences_foundation/darwin"

SPEC CHECKSUMS:
  Flutter: e0871f40cf51350855a761d2e70bf5af5b9b5de7
  naver_map_plugin: b6eb0eb7e8d58d22d3c42ae43755cdd6c0894027
  NMapsGeometry: 4e02554fa9880ef02ed96b075dc84355d6352479
  NMapsMap: bc5ea361ba29fc7c83dd8998f4497a77c75b4c66
  permission_handler_apple: 4ed2196e43d0651e8ff7ca3483a069d469701f2d
  shared_preferences_foundation: 9e1978ff2562383bd5676f64ec4e9aa8fa06a6f7

PODFILE CHECKSUM: 819463e6a0290f5a72f145ba7cde16e8b6ef0796

COCOAPODS: 1.16.2
